
Microsoft Visual Studio Solution File, Format Version 12.00
# Visual Studio Version 17
VisualStudioVersion = 17.0.32112.339
MinimumVisualStudioVersion = 10.0.40219.1
Project("{9A19103F-16F7-4668-BE54-9A1E7A4F7556}") = "ClassLibrary1", "ClassLibrary1.csproj", "{8C7D9AFA-6DDF-4ABA-B746-1F174D5798DB}"
EndProject
Project("{9A19103F-16F7-4668-BE54-9A1E7A4F7556}") = "TestProject1", "..\TestProject1\TestProject1.csproj", "{ECD7CA33-C056-431B-B26C-604C12ED3992}"
EndProject
Project("{FAE04EC0-301F-11D3-BF4B-00C04F79EFBC}") = "TestProject2", "..\TestProject2\TestProject2.csproj", "{6429FA77-445F-4262-82CB-32F9A4E02314}"
EndProject
Global
	GlobalSection(SolutionConfigurationPlatforms) = preSolution
		Debug|Any CPU = Debug|Any CPU
		Release|Any CPU = Release|Any CPU
	EndGlobalSection
	GlobalSection(ProjectConfigurationPlatforms) = postSolution
		{8C7D9AFA-6DDF-4ABA-B746-1F174D5798DB}.Debug|Any CPU.ActiveCfg = Debug|Any CPU
		{8C7D9AFA-6DDF-4ABA-B746-1F174D5798DB}.Debug|Any CPU.Build.0 = Debug|Any CPU
		{8C7D9AFA-6DDF-4ABA-B746-1F174D5798DB}.Release|Any CPU.ActiveCfg = Release|Any CPU
		{8C7D9AFA-6DDF-4ABA-B746-1F174D5798DB}.Release|Any CPU.Build.0 = Release|Any CPU
		{ECD7CA33-C056-431B-B26C-604C12ED3992}.Debug|Any CPU.ActiveCfg = Debug|Any CPU
		{ECD7CA33-C056-431B-B26C-604C12ED3992}.Debug|Any CPU.Build.0 = Debug|Any CPU
		{ECD7CA33-C056-431B-B26C-604C12ED3992}.Release|Any CPU.ActiveCfg = Release|Any CPU
		{ECD7CA33-C056-431B-B26C-604C12ED3992}.Release|Any CPU.Build.0 = Release|Any CPU
		{6429FA77-445F-4262-82CB-32F9A4E02314}.Debug|Any CPU.ActiveCfg = Debug|Any CPU
		{6429FA77-445F-4262-82CB-32F9A4E02314}.Debug|Any CPU.Build.0 = Debug|Any CPU
		{6429FA77-445F-4262-82CB-32F9A4E02314}.Release|Any CPU.ActiveCfg = Release|Any CPU
		{6429FA77-445F-4262-82CB-32F9A4E02314}.Release|Any CPU.Build.0 = Release|Any CPU
	EndGlobalSection
	GlobalSection(SolutionProperties) = preSolution
		HideSolutionNode = FALSE
	EndGlobalSection
	GlobalSection(ExtensibilityGlobals) = postSolution
		SolutionGuid = {BC3C30C7-2FE6-4AD7-B93F-3E341AD820FE}
	EndGlobalSection
EndGlobal
